
Microsoft Visual Studio Solution File, Format Version 12.00
# Visual Studio Version 16
VisualStudioVersion = 16.0.29403.142
MinimumVisualStudioVersion = 10.0.40219.1
Project("{FAE04EC0-301F-11D3-BF4B-00C04F79EFBC}") = "视觉演示EXE_1_0", "视觉演示EXE_1_0.csproj", "{11206916-F600-4086-BC64-9071417CC2D9}"
EndProject
Global
	GlobalSection(SolutionConfigurationPlatforms) = preSolution
		Debug|Any CPU = Debug|Any CPU
		Release|Any CPU = Release|Any CPU
	EndGlobalSection
	GlobalSection(ProjectConfigurationPlatforms) = postSolution
		{11206916-F600-4086-BC64-9071417CC2D9}.Debug|Any CPU.ActiveCfg = Debug|Any CPU
		{11206916-F600-4086-BC64-9071417CC2D9}.Debug|Any CPU.Build.0 = Debug|Any CPU
		{11206916-F600-4086-BC64-9071417CC2D9}.Release|Any CPU.ActiveCfg = Release|Any CPU
		{11206916-F600-4086-BC64-9071417CC2D9}.Release|Any CPU.Build.0 = Release|Any CPU
	EndGlobalSection
	GlobalSection(SolutionProperties) = preSolution
		HideSolutionNode = FALSE
	EndGlobalSection
	GlobalSection(ExtensibilityGlobals) = postSolution
		SolutionGuid = {CFDB673E-9B32-40FA-8014-22EFC19F0098}
	EndGlobalSection
EndGlobal
